// !$*UTF8*$!
{
	archiveVersion = 1;
	classes = {
	};
	objectVersion = 56;
	objects = {

/* Begin PBXBuildFile section */
		AB06F2552A735DB500A1A64C /* PlaceCell.swift in Sources */ = {isa = PBXBuildFile; fileRef = AB06F2532A735DB500A1A64C /* PlaceCell.swift */; };
		AB06F2562A735DB500A1A64C /* PlaceCell.xib in Resources */ = {isa = PBXBuildFile; fileRef = AB06F2542A735DB500A1A64C /* PlaceCell.xib */; };
		AB074E092A74C64D008C2BBC /* GalleryCell.swift in Sources */ = {isa = PBXBuildFile; fileRef = AB074E072A74C64D008C2BBC /* GalleryCell.swift */; };
		AB074E0A2A74C64D008C2BBC /* GalleryCell.xib in Resources */ = {isa = PBXBuildFile; fileRef = AB074E082A74C64D008C2BBC /* GalleryCell.xib */; };
		AB11D2CC2A722690004B3E61 /* AppDelegate.swift in Sources */ = {isa = PBXBuildFile; fileRef = AB11D2CB2A722690004B3E61 /* AppDelegate.swift */; };
		AB11D2CE2A722690004B3E61 /* SceneDelegate.swift in Sources */ = {isa = PBXBuildFile; fileRef = AB11D2CD2A722690004B3E61 /* SceneDelegate.swift */; };
		AB11D2D02A722690004B3E61 /* SplashViewController.swift in Sources */ = {isa = PBXBuildFile; fileRef = AB11D2CF2A722690004B3E61 /* SplashViewController.swift */; };
		AB11D2D32A722690004B3E61 /* Main.storyboard in Resources */ = {isa = PBXBuildFile; fileRef = AB11D2D12A722690004B3E61 /* Main.storyboard */; };
		AB11D2D52A722691004B3E61 /* Assets.xcassets in Resources */ = {isa = PBXBuildFile; fileRef = AB11D2D42A722691004B3E61 /* Assets.xcassets */; };
		AB11D2D82A722691004B3E61 /* LaunchScreen.storyboard in Resources */ = {isa = PBXBuildFile; fileRef = AB11D2D62A722691004B3E61 /* LaunchScreen.storyboard */; };
		AB2A34B82A73AB7900D4A3DD /* Lato-Regular.ttf in Resources */ = {isa = PBXBuildFile; fileRef = AB2A34B72A73AB7900D4A3DD /* Lato-Regular.ttf */; };
		AB2A34BA2A73ABBC00D4A3DD /* Lato-Italic.ttf in Resources */ = {isa = PBXBuildFile; fileRef = AB2A34B92A73ABBC00D4A3DD /* Lato-Italic.ttf */; };
		AB2A34BC2A73ABCD00D4A3DD /* Lato-Black.ttf in Resources */ = {isa = PBXBuildFile; fileRef = AB2A34BB2A73ABCD00D4A3DD /* Lato-Black.ttf */; };
		AB2A34BE2A73ABD800D4A3DD /* Lato-BlackItalic.ttf in Resources */ = {isa = PBXBuildFile; fileRef = AB2A34BD2A73ABD800D4A3DD /* Lato-BlackItalic.ttf */; };
		AB2A34C02A73ABE100D4A3DD /* Lato-Bold.ttf in Resources */ = {isa = PBXBuildFile; fileRef = AB2A34BF2A73ABE100D4A3DD /* Lato-Bold.ttf */; };
		AB2A34C22A73ABEB00D4A3DD /* Lato-BoldItalic.ttf in Resources */ = {isa = PBXBuildFile; fileRef = AB2A34C12A73ABEB00D4A3DD /* Lato-BoldItalic.ttf */; };
		AB2A34C42A73ABF500D4A3DD /* Lato-Light.ttf in Resources */ = {isa = PBXBuildFile; fileRef = AB2A34C32A73ABF500D4A3DD /* Lato-Light.ttf */; };
		AB2A34C62A73ABFD00D4A3DD /* Lato-LightItalic.ttf in Resources */ = {isa = PBXBuildFile; fileRef = AB2A34C52A73ABFD00D4A3DD /* Lato-LightItalic.ttf */; };
		AB2A34C82A73AC0700D4A3DD /* Lato-Thin.ttf in Resources */ = {isa = PBXBuildFile; fileRef = AB2A34C72A73AC0700D4A3DD /* Lato-Thin.ttf */; };
		AB2A34CA2A73AC1100D4A3DD /* Lato-ThinItalic.ttf in Resources */ = {isa = PBXBuildFile; fileRef = AB2A34C92A73AC1100D4A3DD /* Lato-ThinItalic.ttf */; };
		AB32A3EA2A811E1C009ED786 /* LibraryModel.swift in Sources */ = {isa = PBXBuildFile; fileRef = AB32A3E92A811E1C009ED786 /* LibraryModel.swift */; };
		AB37B5092A77ABB40001157F /* DetailGalleryViewController.swift in Sources */ = {isa = PBXBuildFile; fileRef = AB37B5082A77ABB40001157F /* DetailGalleryViewController.swift */; };
		AB5AF47E2A750AB4003CDB71 /* TabCell.swift in Sources */ = {isa = PBXBuildFile; fileRef = AB5AF47D2A750AB4003CDB71 /* TabCell.swift */; };
		AB5AF4802A750AF8003CDB71 /* TabsView.swift in Sources */ = {isa = PBXBuildFile; fileRef = AB5AF47F2A750AF8003CDB71 /* TabsView.swift */; };
		AB6C9F372A72538D00EFCB4D /* HomeViewController.swift in Sources */ = {isa = PBXBuildFile; fileRef = AB6C9F362A72538D00EFCB4D /* HomeViewController.swift */; };
		AB6C9F3A2A7257A400EFCB4D /* ListPlaceViewController.swift in Sources */ = {isa = PBXBuildFile; fileRef = AB6C9F392A7257A400EFCB4D /* ListPlaceViewController.swift */; };
		AB6C9F3C2A72583C00EFCB4D /* GalleryViewController.swift in Sources */ = {isa = PBXBuildFile; fileRef = AB6C9F3B2A72583C00EFCB4D /* GalleryViewController.swift */; };
		AB6C9F3E2A7258C100EFCB4D /* MapsViewController.swift in Sources */ = {isa = PBXBuildFile; fileRef = AB6C9F3D2A7258C100EFCB4D /* MapsViewController.swift */; };
		AB6C9F402A72597E00EFCB4D /* AboutViewController.swift in Sources */ = {isa = PBXBuildFile; fileRef = AB6C9F3F2A72597E00EFCB4D /* AboutViewController.swift */; };
		AB71C7692A7B37AB0086F1E5 /* LibraryCell.swift in Sources */ = {isa = PBXBuildFile; fileRef = AB71C7672A7B37AB0086F1E5 /* LibraryCell.swift */; };
		AB71C76A2A7B37AB0086F1E5 /* LibraryCell.xib in Resources */ = {isa = PBXBuildFile; fileRef = AB71C7682A7B37AB0086F1E5 /* LibraryCell.xib */; };
		AB8637352A761560001264C8 /* AboutPageViewController.swift in Sources */ = {isa = PBXBuildFile; fileRef = AB8637342A761560001264C8 /* AboutPageViewController.swift */; };
		AB8637372A7618DA001264C8 /* AboutInformationViewController.swift in Sources */ = {isa = PBXBuildFile; fileRef = AB8637362A7618DA001264C8 /* AboutInformationViewController.swift */; };
		AB8637392A761971001264C8 /* AboutChangelogViewController.swift in Sources */ = {isa = PBXBuildFile; fileRef = AB8637382A761971001264C8 /* AboutChangelogViewController.swift */; };
		AB86373B2A7619F8001264C8 /* AboutThanksViewController.swift in Sources */ = {isa = PBXBuildFile; fileRef = AB86373A2A7619F8001264C8 /* AboutThanksViewController.swift */; };
		AB86373D2A761AB3001264C8 /* AboutLibraryViewController.swift in Sources */ = {isa = PBXBuildFile; fileRef = AB86373C2A761AB3001264C8 /* AboutLibraryViewController.swift */; };
		AB86506E2A778AA200B89924 /* keys.plist in Resources */ = {isa = PBXBuildFile; fileRef = AB86506D2A778AA200B89924 /* keys.plist */; };
		AB8698422A775D0100C4974D /* GoogleService-Info.plist in Resources */ = {isa = PBXBuildFile; fileRef = AB8698412A775D0100C4974D /* GoogleService-Info.plist */; };
		ABA213F52A78F64900A25E89 /* ReleaseCell.swift in Sources */ = {isa = PBXBuildFile; fileRef = ABA213F32A78F64900A25E89 /* ReleaseCell.swift */; };
		ABA213F62A78F64900A25E89 /* ReleaseCell.xib in Resources */ = {isa = PBXBuildFile; fileRef = ABA213F42A78F64900A25E89 /* ReleaseCell.xib */; };
		ABA213F92A79001200A25E89 /* ReleaseModel.swift in Sources */ = {isa = PBXBuildFile; fileRef = ABA213F82A79001200A25E89 /* ReleaseModel.swift */; };
		ABD2D1B32A73C3C0006343BB /* pacifico.ttf in Resources */ = {isa = PBXBuildFile; fileRef = ABD2D1B22A73C3C0006343BB /* pacifico.ttf */; };
		ABECA5492A779E6600EADDD8 /* DetailPlaceViewController.swift in Sources */ = {isa = PBXBuildFile; fileRef = ABECA5482A779E6600EADDD8 /* DetailPlaceViewController.swift */; };
		FACA4B9BA8E67752DF829CEC /* Pods_Explore_Madiun_iOS.framework in Frameworks */ = {isa = PBXBuildFile; fileRef = 403CCC2EEA00720F8F64FA56 /* Pods_Explore_Madiun_iOS.framework */; };
/* End PBXBuildFile section */

/* Begin PBXFileReference section */
		403CCC2EEA00720F8F64FA56 /* Pods_Explore_Madiun_iOS.framework */ = {isa = PBXFileReference; explicitFileType = wrapper.framework; includeInIndex = 0; path = Pods_Explore_Madiun_iOS.framework; sourceTree = BUILT_PRODUCTS_DIR; };
		681E3D4481FBC532B2B814CB /* Pods-Explore Madiun iOS.debug.xcconfig */ = {isa = PBXFileReference; includeInIndex = 1; lastKnownFileType = text.xcconfig; name = "Pods-Explore Madiun iOS.debug.xcconfig"; path = "Target Support Files/Pods-Explore Madiun iOS/Pods-Explore Madiun iOS.debug.xcconfig"; sourceTree = "<group>"; };
		AB06F2532A735DB500A1A64C /* PlaceCell.swift */ = {isa = PBXFileReference; lastKnownFileType = sourcecode.swift; path = PlaceCell.swift; sourceTree = "<group>"; };
		AB06F2542A735DB500A1A64C /* PlaceCell.xib */ = {isa = PBXFileReference; lastKnownFileType = file.xib; path = PlaceCell.xib; sourceTree = "<group>"; };
		AB074E072A74C64D008C2BBC /* GalleryCell.swift */ = {isa = PBXFileReference; lastKnownFileType = sourcecode.swift; path = GalleryCell.swift; sourceTree = "<group>"; };
		AB074E082A74C64D008C2BBC /* GalleryCell.xib */ = {isa = PBXFileReference; lastKnownFileType = file.xib; path = GalleryCell.xib; sourceTree = "<group>"; };
		AB11D2C82A722690004B3E61 /* Explore Madiun iOS.app */ = {isa = PBXFileReference; explicitFileType = wrapper.application; includeInIndex = 0; path = "Explore Madiun iOS.app"; sourceTree = BUILT_PRODUCTS_DIR; };
		AB11D2CB2A722690004B3E61 /* AppDelegate.swift */ = {isa = PBXFileReference; lastKnownFileType = sourcecode.swift; path = AppDelegate.swift; sourceTree = "<group>"; };
		AB11D2CD2A722690004B3E61 /* SceneDelegate.swift */ = {isa = PBXFileReference; lastKnownFileType = sourcecode.swift; path = SceneDelegate.swift; sourceTree = "<group>"; };
		AB11D2CF2A722690004B3E61 /* SplashViewController.swift */ = {isa = PBXFileReference; lastKnownFileType = sourcecode.swift; path = SplashViewController.swift; sourceTree = "<group>"; };
		AB11D2D22A722690004B3E61 /* Base */ = {isa = PBXFileReference; lastKnownFileType = file.storyboard; name = Base; path = Base.lproj/Main.storyboard; sourceTree = "<group>"; };
		AB11D2D42A722691004B3E61 /* Assets.xcassets */ = {isa = PBXFileReference; lastKnownFileType = folder.assetcatalog; path = Assets.xcassets; sourceTree = "<group>"; };
		AB11D2D72A722691004B3E61 /* Base */ = {isa = PBXFileReference; lastKnownFileType = file.storyboard; name = Base; path = Base.lproj/LaunchScreen.storyboard; sourceTree = "<group>"; };
		AB11D2D92A722691004B3E61 /* Info.plist */ = {isa = PBXFileReference; lastKnownFileType = text.plist.xml; path = Info.plist; sourceTree = "<group>"; };
		AB2A34B72A73AB7900D4A3DD /* Lato-Regular.ttf */ = {isa = PBXFileReference; lastKnownFileType = file; path = "Lato-Regular.ttf"; sourceTree = "<group>"; };
		AB2A34B92A73ABBC00D4A3DD /* Lato-Italic.ttf */ = {isa = PBXFileReference; lastKnownFileType = file; path = "Lato-Italic.ttf"; sourceTree = "<group>"; };
		AB2A34BB2A73ABCD00D4A3DD /* Lato-Black.ttf */ = {isa = PBXFileReference; lastKnownFileType = file; path = "Lato-Black.ttf"; sourceTree = "<group>"; };
		AB2A34BD2A73ABD800D4A3DD /* Lato-BlackItalic.ttf */ = {isa = PBXFileReference; lastKnownFileType = file; path = "Lato-BlackItalic.ttf"; sourceTree = "<group>"; };
		AB2A34BF2A73ABE100D4A3DD /* Lato-Bold.ttf */ = {isa = PBXFileReference; lastKnownFileType = file; path = "Lato-Bold.ttf"; sourceTree = "<group>"; };
		AB2A34C12A73ABEB00D4A3DD /* Lato-BoldItalic.ttf */ = {isa = PBXFileReference; lastKnownFileType = file; path = "Lato-BoldItalic.ttf"; sourceTree = "<group>"; };
		AB2A34C32A73ABF500D4A3DD /* Lato-Light.ttf */ = {isa = PBXFileReference; lastKnownFileType = file; path = "Lato-Light.ttf"; sourceTree = "<group>"; };
		AB2A34C52A73ABFD00D4A3DD /* Lato-LightItalic.ttf */ = {isa = PBXFileReference; lastKnownFileType = file; path = "Lato-LightItalic.ttf"; sourceTree = "<group>"; };
		AB2A34C72A73AC0700D4A3DD /* Lato-Thin.ttf */ = {isa = PBXFileReference; lastKnownFileType = file; path = "Lato-Thin.ttf"; sourceTree = "<group>"; };
		AB2A34C92A73AC1100D4A3DD /* Lato-ThinItalic.ttf */ = {isa = PBXFileReference; lastKnownFileType = file; path = "Lato-ThinItalic.ttf"; sourceTree = "<group>"; };
		AB32A3E92A811E1C009ED786 /* LibraryModel.swift */ = {isa = PBXFileReference; lastKnownFileType = sourcecode.swift; path = LibraryModel.swift; sourceTree = "<group>"; };
		AB37B5082A77ABB40001157F /* DetailGalleryViewController.swift */ = {isa = PBXFileReference; lastKnownFileType = sourcecode.swift; path = DetailGalleryViewController.swift; sourceTree = "<group>"; };
		AB5AF47D2A750AB4003CDB71 /* TabCell.swift */ = {isa = PBXFileReference; lastKnownFileType = sourcecode.swift; path = TabCell.swift; sourceTree = "<group>"; };
		AB5AF47F2A750AF8003CDB71 /* TabsView.swift */ = {isa = PBXFileReference; lastKnownFileType = sourcecode.swift; path = TabsView.swift; sourceTree = "<group>"; };
		AB6C9F362A72538D00EFCB4D /* HomeViewController.swift */ = {isa = PBXFileReference; lastKnownFileType = sourcecode.swift; path = HomeViewController.swift; sourceTree = "<group>"; };
		AB6C9F392A7257A400EFCB4D /* ListPlaceViewController.swift */ = {isa = PBXFileReference; lastKnownFileType = sourcecode.swift; path = ListPlaceViewController.swift; sourceTree = "<group>"; };
		AB6C9F3B2A72583C00EFCB4D /* GalleryViewController.swift */ = {isa = PBXFileReference; lastKnownFileType = sourcecode.swift; path = GalleryViewController.swift; sourceTree = "<group>"; };
		AB6C9F3D2A7258C100EFCB4D /* MapsViewController.swift */ = {isa = PBXFileReference; lastKnownFileType = sourcecode.swift; path = MapsViewController.swift; sourceTree = "<group>"; };
		AB6C9F3F2A72597E00EFCB4D /* AboutViewController.swift */ = {isa = PBXFileReference; lastKnownFileType = sourcecode.swift; path = AboutViewController.swift; sourceTree = "<group>"; };
		AB71C7672A7B37AB0086F1E5 /* LibraryCell.swift */ = {isa = PBXFileReference; lastKnownFileType = sourcecode.swift; path = LibraryCell.swift; sourceTree = "<group>"; };
		AB71C7682A7B37AB0086F1E5 /* LibraryCell.xib */ = {isa = PBXFileReference; lastKnownFileType = file.xib; path = LibraryCell.xib; sourceTree = "<group>"; };
		AB8637342A761560001264C8 /* AboutPageViewController.swift */ = {isa = PBXFileReference; lastKnownFileType = sourcecode.swift; path = AboutPageViewController.swift; sourceTree = "<group>"; };
		AB8637362A7618DA001264C8 /* AboutInformationViewController.swift */ = {isa = PBXFileReference; lastKnownFileType = sourcecode.swift; path = AboutInformationViewController.swift; sourceTree = "<group>"; };
		AB8637382A761971001264C8 /* AboutChangelogViewController.swift */ = {isa = PBXFileReference; lastKnownFileType = sourcecode.swift; path = AboutChangelogViewController.swift; sourceTree = "<group>"; };
		AB86373A2A7619F8001264C8 /* AboutThanksViewController.swift */ = {isa = PBXFileReference; lastKnownFileType = sourcecode.swift; path = AboutThanksViewController.swift; sourceTree = "<group>"; };
		AB86373C2A761AB3001264C8 /* AboutLibraryViewController.swift */ = {isa = PBXFileReference; lastKnownFileType = sourcecode.swift; path = AboutLibraryViewController.swift; sourceTree = "<group>"; };
		AB86506D2A778AA200B89924 /* keys.plist */ = {isa = PBXFileReference; lastKnownFileType = text.plist.xml; path = keys.plist; sourceTree = "<group>"; };
		AB8698412A775D0100C4974D /* GoogleService-Info.plist */ = {isa = PBXFileReference; fileEncoding = 4; lastKnownFileType = text.plist.xml; path = "GoogleService-Info.plist"; sourceTree = "<group>"; };
		ABA213F32A78F64900A25E89 /* ReleaseCell.swift */ = {isa = PBXFileReference; lastKnownFileType = sourcecode.swift; path = ReleaseCell.swift; sourceTree = "<group>"; };
		ABA213F42A78F64900A25E89 /* ReleaseCell.xib */ = {isa = PBXFileReference; lastKnownFileType = file.xib; path = ReleaseCell.xib; sourceTree = "<group>"; };
		ABA213F82A79001200A25E89 /* ReleaseModel.swift */ = {isa = PBXFileReference; lastKnownFileType = sourcecode.swift; path = ReleaseModel.swift; sourceTree = "<group>"; };
		ABD2D1B22A73C3C0006343BB /* pacifico.ttf */ = {isa = PBXFileReference; lastKnownFileType = file; path = pacifico.ttf; sourceTree = "<group>"; };
		ABECA5482A779E6600EADDD8 /* DetailPlaceViewController.swift */ = {isa = PBXFileReference; lastKnownFileType = sourcecode.swift; path = DetailPlaceViewController.swift; sourceTree = "<group>"; };
		CCE87CC4C975D10B57E01850 /* Pods-Explore Madiun iOS.release.xcconfig */ = {isa = PBXFileReference; includeInIndex = 1; lastKnownFileType = text.xcconfig; name = "Pods-Explore Madiun iOS.release.xcconfig"; path = "Target Support Files/Pods-Explore Madiun iOS/Pods-Explore Madiun iOS.release.xcconfig"; sourceTree = "<group>"; };
/* End PBXFileReference section */

/* Begin PBXFrameworksBuildPhase section */
		AB11D2C52A722690004B3E61 /* Frameworks */ = {
			isa = PBXFrameworksBuildPhase;
			buildActionMask = 2147483647;
			files = (
				FACA4B9BA8E67752DF829CEC /* Pods_Explore_Madiun_iOS.framework in Frameworks */,
			);
			runOnlyForDeploymentPostprocessing = 0;
		};
/* End PBXFrameworksBuildPhase section */

/* Begin PBXGroup section */
		65235ECFF0CE3267BFAF527A /* Pods */ = {
			isa = PBXGroup;
			children = (
				681E3D4481FBC532B2B814CB /* Pods-Explore Madiun iOS.debug.xcconfig */,
				CCE87CC4C975D10B57E01850 /* Pods-Explore Madiun iOS.release.xcconfig */,
			);
			path = Pods;
			sourceTree = "<group>";
		};
		7C14250FDFEB696DB9C9009B /* Frameworks */ = {
			isa = PBXGroup;
			children = (
				403CCC2EEA00720F8F64FA56 /* Pods_Explore_Madiun_iOS.framework */,
			);
			name = Frameworks;
			sourceTree = "<group>";
		};
		AB06F2522A735D4B00A1A64C /* Widgets */ = {
			isa = PBXGroup;
			children = (
				AB06F2532A735DB500A1A64C /* PlaceCell.swift */,
				AB06F2542A735DB500A1A64C /* PlaceCell.xib */,
				AB074E072A74C64D008C2BBC /* GalleryCell.swift */,
				AB074E082A74C64D008C2BBC /* GalleryCell.xib */,
				AB5AF47D2A750AB4003CDB71 /* TabCell.swift */,
				AB5AF47F2A750AF8003CDB71 /* TabsView.swift */,
				AB8637342A761560001264C8 /* AboutPageViewController.swift */,
				ABA213F32A78F64900A25E89 /* ReleaseCell.swift */,
				ABA213F42A78F64900A25E89 /* ReleaseCell.xib */,
				AB71C7672A7B37AB0086F1E5 /* LibraryCell.swift */,
				AB71C7682A7B37AB0086F1E5 /* LibraryCell.xib */,
			);
			path = Widgets;
			sourceTree = "<group>";
		};
		AB11D2BF2A722690004B3E61 = {
			isa = PBXGroup;
			children = (
				AB2A34B62A73AB3900D4A3DD /* Fonts */,
				AB11D2CA2A722690004B3E61 /* Explore Madiun iOS */,
				AB11D2C92A722690004B3E61 /* Products */,
				65235ECFF0CE3267BFAF527A /* Pods */,
				7C14250FDFEB696DB9C9009B /* Frameworks */,
			);
			sourceTree = "<group>";
		};
		AB11D2C92A722690004B3E61 /* Products */ = {
			isa = PBXGroup;
			children = (
				AB11D2C82A722690004B3E61 /* Explore Madiun iOS.app */,
			);
			name = Products;
			sourceTree = "<group>";
		};
		AB11D2CA2A722690004B3E61 /* Explore Madiun iOS */ = {
			isa = PBXGroup;
			children = (
				AB06F2522A735D4B00A1A64C /* Widgets */,
				AB6C9F382A72578400EFCB4D /* Menu */,
				ABA213F72A78FFAB00A25E89 /* Models */,
				AB11D2CB2A722690004B3E61 /* AppDelegate.swift */,
				AB11D2CD2A722690004B3E61 /* SceneDelegate.swift */,
				AB11D2CF2A722690004B3E61 /* SplashViewController.swift */,
				AB11D2D12A722690004B3E61 /* Main.storyboard */,
				AB11D2D42A722691004B3E61 /* Assets.xcassets */,
				AB11D2D62A722691004B3E61 /* LaunchScreen.storyboard */,
				AB11D2D92A722691004B3E61 /* Info.plist */,
				AB8698412A775D0100C4974D /* GoogleService-Info.plist */,
				AB6C9F362A72538D00EFCB4D /* HomeViewController.swift */,
				AB86506D2A778AA200B89924 /* keys.plist */,
			);
			path = "Explore Madiun iOS";
			sourceTree = "<group>";
		};
		AB2A34B62A73AB3900D4A3DD /* Fonts */ = {
			isa = PBXGroup;
			children = (
				ABD2D1B22A73C3C0006343BB /* pacifico.ttf */,
				AB2A34C12A73ABEB00D4A3DD /* Lato-BoldItalic.ttf */,
				AB2A34BF2A73ABE100D4A3DD /* Lato-Bold.ttf */,
				AB2A34BD2A73ABD800D4A3DD /* Lato-BlackItalic.ttf */,
				AB2A34BB2A73ABCD00D4A3DD /* Lato-Black.ttf */,
				AB2A34B92A73ABBC00D4A3DD /* Lato-Italic.ttf */,
				AB2A34B72A73AB7900D4A3DD /* Lato-Regular.ttf */,
				AB2A34C32A73ABF500D4A3DD /* Lato-Light.ttf */,
				AB2A34C52A73ABFD00D4A3DD /* Lato-LightItalic.ttf */,
				AB2A34C72A73AC0700D4A3DD /* Lato-Thin.ttf */,
				AB2A34C92A73AC1100D4A3DD /* Lato-ThinItalic.ttf */,
			);
			path = Fonts;
			sourceTree = "<group>";
		};
		AB6C9F382A72578400EFCB4D /* Menu */ = {
			isa = PBXGroup;
			children = (
				AB6C9F392A7257A400EFCB4D /* ListPlaceViewController.swift */,
				AB6C9F3B2A72583C00EFCB4D /* GalleryViewController.swift */,
				AB6C9F3D2A7258C100EFCB4D /* MapsViewController.swift */,
				AB6C9F3F2A72597E00EFCB4D /* AboutViewController.swift */,
				AB8637362A7618DA001264C8 /* AboutInformationViewController.swift */,
				AB8637382A761971001264C8 /* AboutChangelogViewController.swift */,
				AB86373A2A7619F8001264C8 /* AboutThanksViewController.swift */,
				AB86373C2A761AB3001264C8 /* AboutLibraryViewController.swift */,
				ABECA5482A779E6600EADDD8 /* DetailPlaceViewController.swift */,
				AB37B5082A77ABB40001157F /* DetailGalleryViewController.swift */,
			);
			path = Menu;
			sourceTree = "<group>";
		};
		ABA213F72A78FFAB00A25E89 /* Models */ = {
			isa = PBXGroup;
			children = (
				ABA213F82A79001200A25E89 /* ReleaseModel.swift */,
				AB32A3E92A811E1C009ED786 /* LibraryModel.swift */,
			);
			path = Models;
			sourceTree = "<group>";
		};
/* End PBXGroup section */

/* Begin PBXNativeTarget section */
		AB11D2C72A722690004B3E61 /* Explore Madiun iOS */ = {
			isa = PBXNativeTarget;
			buildConfigurationList = AB11D2DC2A722691004B3E61 /* Build configuration list for PBXNativeTarget "Explore Madiun iOS" */;
			buildPhases = (
				D54A5D56B303B1ECD5D3A989 /* [CP] Check Pods Manifest.lock */,
				AB11D2C42A722690004B3E61 /* Sources */,
				AB11D2C52A722690004B3E61 /* Frameworks */,
				AB11D2C62A722690004B3E61 /* Resources */,
				DA8F4876155B1B9294879A76 /* [CP] Embed Pods Frameworks */,
				911C5380CD911606365A5E84 /* [CP] Copy Pods Resources */,
			);
			buildRules = (
			);
			dependencies = (
			);
			name = "Explore Madiun iOS";
			productName = "Explore Madiun iOS";
			productReference = AB11D2C82A722690004B3E61 /* Explore Madiun iOS.app */;
			productType = "com.apple.product-type.application";
		};
/* End PBXNativeTarget section */

/* Begin PBXProject section */
		AB11D2C02A722690004B3E61 /* Project object */ = {
			isa = PBXProject;
			attributes = {
				BuildIndependentTargetsInParallel = 1;
				LastSwiftUpdateCheck = 1430;
				LastUpgradeCheck = 1430;
				TargetAttributes = {
					AB11D2C72A722690004B3E61 = {
						CreatedOnToolsVersion = 14.3;
					};
				};
			};
			buildConfigurationList = AB11D2C32A722690004B3E61 /* Build configuration list for PBXProject "Explore Madiun iOS" */;
			compatibilityVersion = "Xcode 14.0";
			developmentRegion = en;
			hasScannedForEncodings = 0;
			knownRegions = (
				en,
				Base,
			);
			mainGroup = AB11D2BF2A722690004B3E61;
			productRefGroup = AB11D2C92A722690004B3E61 /* Products */;
			projectDirPath = "";
			projectRoot = "";
			targets = (
				AB11D2C72A722690004B3E61 /* Explore Madiun iOS */,
			);
		};
/* End PBXProject section */

/* Begin PBXResourcesBuildPhase section */
		AB11D2C62A722690004B3E61 /* Resources */ = {
			isa = PBXResourcesBuildPhase;
			buildActionMask = 2147483647;
			files = (
				AB074E0A2A74C64D008C2BBC /* GalleryCell.xib in Resources */,
				ABA213F62A78F64900A25E89 /* ReleaseCell.xib in Resources */,
				AB2A34BE2A73ABD800D4A3DD /* Lato-BlackItalic.ttf in Resources */,
				AB2A34CA2A73AC1100D4A3DD /* Lato-ThinItalic.ttf in Resources */,
				AB2A34BC2A73ABCD00D4A3DD /* Lato-Black.ttf in Resources */,
				AB11D2D82A722691004B3E61 /* LaunchScreen.storyboard in Resources */,
				AB2A34C42A73ABF500D4A3DD /* Lato-Light.ttf in Resources */,
				AB11D2D52A722691004B3E61 /* Assets.xcassets in Resources */,
				AB2A34B82A73AB7900D4A3DD /* Lato-Regular.ttf in Resources */,
				AB86506E2A778AA200B89924 /* keys.plist in Resources */,
				AB11D2D32A722690004B3E61 /* Main.storyboard in Resources */,
				AB2A34C62A73ABFD00D4A3DD /* Lato-LightItalic.ttf in Resources */,
				AB2A34BA2A73ABBC00D4A3DD /* Lato-Italic.ttf in Resources */,
				AB71C76A2A7B37AB0086F1E5 /* LibraryCell.xib in Resources */,
				AB2A34C02A73ABE100D4A3DD /* Lato-Bold.ttf in Resources */,
				AB8698422A775D0100C4974D /* GoogleService-Info.plist in Resources */,
				AB06F2562A735DB500A1A64C /* PlaceCell.xib in Resources */,
				ABD2D1B32A73C3C0006343BB /* pacifico.ttf in Resources */,
				AB2A34C22A73ABEB00D4A3DD /* Lato-BoldItalic.ttf in Resources */,
				AB2A34C82A73AC0700D4A3DD /* Lato-Thin.ttf in Resources */,
			);
			runOnlyForDeploymentPostprocessing = 0;
		};
/* End PBXResourcesBuildPhase section */

/* Begin PBXShellScriptBuildPhase section */
		911C5380CD911606365A5E84 /* [CP] Copy Pods Resources */ = {
			isa = PBXShellScriptBuildPhase;
			buildActionMask = 2147483647;
			files = (
			);
			inputFileListPaths = (
				"${PODS_ROOT}/Target Support Files/Pods-Explore Madiun iOS/Pods-Explore Madiun iOS-resources-${CONFIGURATION}-input-files.xcfilelist",
			);
			name = "[CP] Copy Pods Resources";
			outputFileListPaths = (
				"${PODS_ROOT}/Target Support Files/Pods-Explore Madiun iOS/Pods-Explore Madiun iOS-resources-${CONFIGURATION}-output-files.xcfilelist",
			);
			runOnlyForDeploymentPostprocessing = 0;
			shellPath = /bin/sh;
			shellScript = "\"${PODS_ROOT}/Target Support Files/Pods-Explore Madiun iOS/Pods-Explore Madiun iOS-resources.sh\"\n";
			showEnvVarsInLog = 0;
		};
		D54A5D56B303B1ECD5D3A989 /* [CP] Check Pods Manifest.lock */ = {
			isa = PBXShellScriptBuildPhase;
			buildActionMask = 2147483647;
			files = (
			);
			inputFileListPaths = (
			);
			inputPaths = (
				"${PODS_PODFILE_DIR_PATH}/Podfile.lock",
				"${PODS_ROOT}/Manifest.lock",
			);
			name = "[CP] Check Pods Manifest.lock";
			outputFileListPaths = (
			);
			outputPaths = (
				"$(DERIVED_FILE_DIR)/Pods-Explore Madiun iOS-checkManifestLockResult.txt",
			);
			runOnlyForDeploymentPostprocessing = 0;
			shellPath = /bin/sh;
			shellScript = "diff \"${PODS_PODFILE_DIR_PATH}/Podfile.lock\" \"${PODS_ROOT}/Manifest.lock\" > /dev/null\nif [ $? != 0 ] ; then\n    # print error to STDERR\n    echo \"error: The sandbox is not in sync with the Podfile.lock. Run 'pod install' or update your CocoaPods installation.\" >&2\n    exit 1\nfi\n# This output is used by Xcode 'outputs' to avoid re-running this script phase.\necho \"SUCCESS\" > \"${SCRIPT_OUTPUT_FILE_0}\"\n";
			showEnvVarsInLog = 0;
		};
		DA8F4876155B1B9294879A76 /* [CP] Embed Pods Frameworks */ = {
			isa = PBXShellScriptBuildPhase;
			buildActionMask = 2147483647;
			files = (
			);
			inputFileListPaths = (
				"${PODS_ROOT}/Target Support Files/Pods-Explore Madiun iOS/Pods-Explore Madiun iOS-frameworks-${CONFIGURATION}-input-files.xcfilelist",
			);
			name = "[CP] Embed Pods Frameworks";
			outputFileListPaths = (
				"${PODS_ROOT}/Target Support Files/Pods-Explore Madiun iOS/Pods-Explore Madiun iOS-frameworks-${CONFIGURATION}-output-files.xcfilelist",
			);
			runOnlyForDeploymentPostprocessing = 0;
			shellPath = /bin/sh;
			shellScript = "\"${PODS_ROOT}/Target Support Files/Pods-Explore Madiun iOS/Pods-Explore Madiun iOS-frameworks.sh\"\n";
			showEnvVarsInLog = 0;
		};
/* End PBXShellScriptBuildPhase section */

/* Begin PBXSourcesBuildPhase section */
		AB11D2C42A722690004B3E61 /* Sources */ = {
			isa = PBXSourcesBuildPhase;
			buildActionMask = 2147483647;
			files = (
				AB11D2D02A722690004B3E61 /* SplashViewController.swift in Sources */,
				AB71C7692A7B37AB0086F1E5 /* LibraryCell.swift in Sources */,
				AB11D2CC2A722690004B3E61 /* AppDelegate.swift in Sources */,
				AB6C9F3E2A7258C100EFCB4D /* MapsViewController.swift in Sources */,
				AB8637392A761971001264C8 /* AboutChangelogViewController.swift in Sources */,
				AB5AF47E2A750AB4003CDB71 /* TabCell.swift in Sources */,
				AB37B5092A77ABB40001157F /* DetailGalleryViewController.swift in Sources */,
				ABECA5492A779E6600EADDD8 /* DetailPlaceViewController.swift in Sources */,
				AB11D2CE2A722690004B3E61 /* SceneDelegate.swift in Sources */,
				AB8637352A761560001264C8 /* AboutPageViewController.swift in Sources */,
				AB6C9F3C2A72583C00EFCB4D /* GalleryViewController.swift in Sources */,
				AB8637372A7618DA001264C8 /* AboutInformationViewController.swift in Sources */,
				AB6C9F3A2A7257A400EFCB4D /* ListPlaceViewController.swift in Sources */,
				AB86373D2A761AB3001264C8 /* AboutLibraryViewController.swift in Sources */,
				AB32A3EA2A811E1C009ED786 /* LibraryModel.swift in Sources */,
				AB074E092A74C64D008C2BBC /* GalleryCell.swift in Sources */,
				AB6C9F402A72597E00EFCB4D /* AboutViewController.swift in Sources */,
				AB6C9F372A72538D00EFCB4D /* HomeViewController.swift in Sources */,
				ABA213F92A79001200A25E89 /* ReleaseModel.swift in Sources */,
				AB86373B2A7619F8001264C8 /* AboutThanksViewController.swift in Sources */,
				ABA213F52A78F64900A25E89 /* ReleaseCell.swift in Sources */,
				AB5AF4802A750AF8003CDB71 /* TabsView.swift in Sources */,
				AB06F2552A735DB500A1A64C /* PlaceCell.swift in Sources */,
			);
			runOnlyForDeploymentPostprocessing = 0;
		};
/* End PBXSourcesBuildPhase section */

/* Begin PBXVariantGroup section */
		AB11D2D12A722690004B3E61 /* Main.storyboard */ = {
			isa = PBXVariantGroup;
			children = (
				AB11D2D22A722690004B3E61 /* Base */,
			);
			name = Main.storyboard;
			sourceTree = "<group>";
		};
		AB11D2D62A722691004B3E61 /* LaunchScreen.storyboard */ = {
			isa = PBXVariantGroup;
			children = (
				AB11D2D72A722691004B3E61 /* Base */,
			);
			name = LaunchScreen.storyboard;
			sourceTree = "<group>";
		};
/* End PBXVariantGroup section */

/* Begin XCBuildConfiguration section */
		AB11D2DA2A722691004B3E61 /* Debug */ = {
			isa = XCBuildConfiguration;
			buildSettings = {
				ALWAYS_SEARCH_USER_PATHS = NO;
				CLANG_ANALYZER_NONNULL = YES;
				CLANG_ANALYZER_NUMBER_OBJECT_CONVERSION = YES_AGGRESSIVE;
				CLANG_CXX_LANGUAGE_STANDARD = "gnu++20";
				CLANG_ENABLE_MODULES = YES;
				CLANG_ENABLE_OBJC_ARC = YES;
				CLANG_ENABLE_OBJC_WEAK = YES;
				CLANG_WARN_BLOCK_CAPTURE_AUTORELEASING = YES;
				CLANG_WARN_BOOL_CONVERSION = YES;
				CLANG_WARN_COMMA = YES;
				CLANG_WARN_CONSTANT_CONVERSION = YES;
				CLANG_WARN_DEPRECATED_OBJC_IMPLEMENTATIONS = YES;
				CLANG_WARN_DIRECT_OBJC_ISA_USAGE = YES_ERROR;
				CLANG_WARN_DOCUMENTATION_COMMENTS = YES;
				CLANG_WARN_EMPTY_BODY = YES;
				CLANG_WARN_ENUM_CONVERSION = YES;
				CLANG_WARN_INFINITE_RECURSION = YES;
				CLANG_WARN_INT_CONVERSION = YES;
				CLANG_WARN_NON_LITERAL_NULL_CONVERSION = YES;
				CLANG_WARN_OBJC_IMPLICIT_RETAIN_SELF = YES;
				CLANG_WARN_OBJC_LITERAL_CONVERSION = YES;
				CLANG_WARN_OBJC_ROOT_CLASS = YES_ERROR;
				CLANG_WARN_QUOTED_INCLUDE_IN_FRAMEWORK_HEADER = YES;
				CLANG_WARN_RANGE_LOOP_ANALYSIS = YES;
				CLANG_WARN_STRICT_PROTOTYPES = YES;
				CLANG_WARN_SUSPICIOUS_MOVE = YES;
				CLANG_WARN_UNGUARDED_AVAILABILITY = YES_AGGRESSIVE;
				CLANG_WARN_UNREACHABLE_CODE = YES;
				CLANG_WARN__DUPLICATE_METHOD_MATCH = YES;
				COPY_PHASE_STRIP = NO;
				DEBUG_INFORMATION_FORMAT = dwarf;
				ENABLE_STRICT_OBJC_MSGSEND = YES;
				ENABLE_TESTABILITY = YES;
				GCC_C_LANGUAGE_STANDARD = gnu11;
				GCC_DYNAMIC_NO_PIC = NO;
				GCC_NO_COMMON_BLOCKS = YES;
				GCC_OPTIMIZATION_LEVEL = 0;
				GCC_PREPROCESSOR_DEFINITIONS = (
					"DEBUG=1",
					"$(inherited)",
				);
				GCC_WARN_64_TO_32_BIT_CONVERSION = YES;
				GCC_WARN_ABOUT_RETURN_TYPE = YES_ERROR;
				GCC_WARN_UNDECLARED_SELECTOR = YES;
				GCC_WARN_UNINITIALIZED_AUTOS = YES_AGGRESSIVE;
				GCC_WARN_UNUSED_FUNCTION = YES;
				GCC_WARN_UNUSED_VARIABLE = YES;
				IPHONEOS_DEPLOYMENT_TARGET = 16.4;
				MTL_ENABLE_DEBUG_INFO = INCLUDE_SOURCE;
				MTL_FAST_MATH = YES;
				ONLY_ACTIVE_ARCH = YES;
				SDKROOT = iphoneos;
				SWIFT_ACTIVE_COMPILATION_CONDITIONS = DEBUG;
				SWIFT_OPTIMIZATION_LEVEL = "-Onone";
			};
			name = Debug;
		};
		AB11D2DB2A722691004B3E61 /* Release */ = {
			isa = XCBuildConfiguration;
			buildSettings = {
				ALWAYS_SEARCH_USER_PATHS = NO;
				CLANG_ANALYZER_NONNULL = YES;
				CLANG_ANALYZER_NUMBER_OBJECT_CONVERSION = YES_AGGRESSIVE;
				CLANG_CXX_LANGUAGE_STANDARD = "gnu++20";
				CLANG_ENABLE_MODULES = YES;
				CLANG_ENABLE_OBJC_ARC = YES;
				CLANG_ENABLE_OBJC_WEAK = YES;
				CLANG_WARN_BLOCK_CAPTURE_AUTORELEASING = YES;
				CLANG_WARN_BOOL_CONVERSION = YES;
				CLANG_WARN_COMMA = YES;
				CLANG_WARN_CONSTANT_CONVERSION = YES;
				CLANG_WARN_DEPRECATED_OBJC_IMPLEMENTATIONS = YES;
				CLANG_WARN_DIRECT_OBJC_ISA_USAGE = YES_ERROR;
				CLANG_WARN_DOCUMENTATION_COMMENTS = YES;
				CLANG_WARN_EMPTY_BODY = YES;
				CLANG_WARN_ENUM_CONVERSION = YES;
				CLANG_WARN_INFINITE_RECURSION = YES;
				CLANG_WARN_INT_CONVERSION = YES;
				CLANG_WARN_NON_LITERAL_NULL_CONVERSION = YES;
				CLANG_WARN_OBJC_IMPLICIT_RETAIN_SELF = YES;
				CLANG_WARN_OBJC_LITERAL_CONVERSION = YES;
				CLANG_WARN_OBJC_ROOT_CLASS = YES_ERROR;
				CLANG_WARN_QUOTED_INCLUDE_IN_FRAMEWORK_HEADER = YES;
				CLANG_WARN_RANGE_LOOP_ANALYSIS = YES;
				CLANG_WARN_STRICT_PROTOTYPES = YES;
				CLANG_WARN_SUSPICIOUS_MOVE = YES;
				CLANG_WARN_UNGUARDED_AVAILABILITY = YES_AGGRESSIVE;
				CLANG_WARN_UNREACHABLE_CODE = YES;
				CLANG_WARN__DUPLICATE_METHOD_MATCH = YES;
				COPY_PHASE_STRIP = NO;
				DEBUG_INFORMATION_FORMAT = "dwarf-with-dsym";
				ENABLE_NS_ASSERTIONS = NO;
				ENABLE_STRICT_OBJC_MSGSEND = YES;
				GCC_C_LANGUAGE_STANDARD = gnu11;
				GCC_NO_COMMON_BLOCKS = YES;
				GCC_WARN_64_TO_32_BIT_CONVERSION = YES;
				GCC_WARN_ABOUT_RETURN_TYPE = YES_ERROR;
				GCC_WARN_UNDECLARED_SELECTOR = YES;
				GCC_WARN_UNINITIALIZED_AUTOS = YES_AGGRESSIVE;
				GCC_WARN_UNUSED_FUNCTION = YES;
				GCC_WARN_UNUSED_VARIABLE = YES;
				IPHONEOS_DEPLOYMENT_TARGET = 16.4;
				MTL_ENABLE_DEBUG_INFO = NO;
				MTL_FAST_MATH = YES;
				SDKROOT = iphoneos;
				SWIFT_COMPILATION_MODE = wholemodule;
				SWIFT_OPTIMIZATION_LEVEL = "-O";
				VALIDATE_PRODUCT = YES;
			};
			name = Release;
		};
		AB11D2DD2A722691004B3E61 /* Debug */ = {
			isa = XCBuildConfiguration;
			baseConfigurationReference = 681E3D4481FBC532B2B814CB /* Pods-Explore Madiun iOS.debug.xcconfig */;
			buildSettings = {
				ASSETCATALOG_COMPILER_APPICON_NAME = AppIcon;
				ASSETCATALOG_COMPILER_GLOBAL_ACCENT_COLOR_NAME = AccentColor;
				CODE_SIGN_STYLE = Automatic;
				CURRENT_PROJECT_VERSION = 1;
				GENERATE_INFOPLIST_FILE = YES;
				INFOPLIST_FILE = "Explore Madiun iOS/Info.plist";
				INFOPLIST_KEY_UIApplicationSupportsIndirectInputEvents = YES;
				INFOPLIST_KEY_UILaunchStoryboardName = LaunchScreen;
				INFOPLIST_KEY_UIMainStoryboardFile = Main;
				INFOPLIST_KEY_UISupportedInterfaceOrientations_iPad = "UIInterfaceOrientationPortrait UIInterfaceOrientationPortraitUpsideDown UIInterfaceOrientationLandscapeLeft UIInterfaceOrientationLandscapeRight";
				INFOPLIST_KEY_UISupportedInterfaceOrientations_iPhone = "UIInterfaceOrientationPortrait UIInterfaceOrientationLandscapeLeft UIInterfaceOrientationLandscapeRight";
				IPHONEOS_DEPLOYMENT_TARGET = 15.0;
				LD_RUNPATH_SEARCH_PATHS = (
					"$(inherited)",
					"@executable_path/Frameworks",
				);
				MARKETING_VERSION = 1.0.0;
				PRODUCT_BUNDLE_IDENTIFIER = "com.yoesuv.Explore-Madiun-iOS";
				PRODUCT_NAME = "$(TARGET_NAME)";
				SWIFT_EMIT_LOC_STRINGS = YES;
				SWIFT_VERSION = 5.0;
				TARGETED_DEVICE_FAMILY = "1,2";
			};
			name = Debug;
		};
		AB11D2DE2A722691004B3E61 /* Release */ = {
			isa = XCBuildConfiguration;
			baseConfigurationReference = CCE87CC4C975D10B57E01850 /* Pods-Explore Madiun iOS.release.xcconfig */;
			buildSettings = {
				ASSETCATALOG_COMPILER_APPICON_NAME = AppIcon;
				ASSETCATALOG_COMPILER_GLOBAL_ACCENT_COLOR_NAME = AccentColor;
				CODE_SIGN_STYLE = Automatic;
				CURRENT_PROJECT_VERSION = 1;
				GENERATE_INFOPLIST_FILE = YES;
				INFOPLIST_FILE = "Explore Madiun iOS/Info.plist";
				INFOPLIST_KEY_UIApplicationSupportsIndirectInputEvents = YES;
				INFOPLIST_KEY_UILaunchStoryboardName = LaunchScreen;
				INFOPLIST_KEY_UIMainStoryboardFile = Main;
				INFOPLIST_KEY_UISupportedInterfaceOrientations_iPad = "UIInterfaceOrientationPortrait UIInterfaceOrientationPortraitUpsideDown UIInterfaceOrientationLandscapeLeft UIInterfaceOrientationLandscapeRight";
				INFOPLIST_KEY_UISupportedInterfaceOrientations_iPhone = "UIInterfaceOrientationPortrait UIInterfaceOrientationLandscapeLeft UIInterfaceOrientationLandscapeRight";
				IPHONEOS_DEPLOYMENT_TARGET = 15.0;
				LD_RUNPATH_SEARCH_PATHS = (
					"$(inherited)",
					"@executable_path/Frameworks",
				);
				MARKETING_VERSION = 1.0.0;
				PRODUCT_BUNDLE_IDENTIFIER = "com.yoesuv.Explore-Madiun-iOS";
				PRODUCT_NAME = "$(TARGET_NAME)";
				SWIFT_EMIT_LOC_STRINGS = YES;
				SWIFT_VERSION = 5.0;
				TARGETED_DEVICE_FAMILY = "1,2";
			};
			name = Release;
		};
/* End XCBuildConfiguration section */

/* Begin XCConfigurationList section */
		AB11D2C32A722690004B3E61 /* Build configuration list for PBXProject "Explore Madiun iOS" */ = {
			isa = XCConfigurationList;
			buildConfigurations = (
				AB11D2DA2A722691004B3E61 /* Debug */,
				AB11D2DB2A722691004B3E61 /* Release */,
			);
			defaultConfigurationIsVisible = 0;
			defaultConfigurationName = Release;
		};
		AB11D2DC2A722691004B3E61 /* Build configuration list for PBXNativeTarget "Explore Madiun iOS" */ = {
			isa = XCConfigurationList;
			buildConfigurations = (
				AB11D2DD2A722691004B3E61 /* Debug */,
				AB11D2DE2A722691004B3E61 /* Release */,
			);
			defaultConfigurationIsVisible = 0;
			defaultConfigurationName = Release;
		};
/* End XCConfigurationList section */
	};
	rootObject = AB11D2C02A722690004B3E61 /* Project object */;
}
